
Microsoft Visual Studio Solution File, Format Version 12.00
# Visual Studio Version 17
VisualStudioVersion = 17.0.31808.319
MinimumVisualStudioVersion = 10.0.40219.1
Project("{FAE04EC0-301F-11D3-BF4B-00C04F79EFBC}") = "KitNCaboodleSite", "KitNCaboodleSite\KitNCaboodleSite.csproj", "{C91D79A3-97FC-4BC2-80D9-CE477C88BFFE}"
EndProject
Global
	GlobalSection(SolutionConfigurationPlatforms) = preSolution
		Debug|Any CPU = Debug|Any CPU
		Release|Any CPU = Release|Any CPU
	EndGlobalSection
	GlobalSection(ProjectConfigurationPlatforms) = postSolution
		{C91D79A3-97FC-4BC2-80D9-CE477C88BFFE}.Debug|Any CPU.ActiveCfg = Debug|Any CPU
		{C91D79A3-97FC-4BC2-80D9-CE477C88BFFE}.Debug|Any CPU.Build.0 = Debug|Any CPU
		{C91D79A3-97FC-4BC2-80D9-CE477C88BFFE}.Release|Any CPU.ActiveCfg = Release|Any CPU
		{C91D79A3-97FC-4BC2-80D9-CE477C88BFFE}.Release|Any CPU.Build.0 = Release|Any CPU
	EndGlobalSection
	GlobalSection(SolutionProperties) = preSolution
		HideSolutionNode = FALSE
	EndGlobalSection
	GlobalSection(ExtensibilityGlobals) = postSolution
		SolutionGuid = {AF7E5F9F-EA16-4883-B3EB-8CD2EFFCC1A7}
	EndGlobalSection
EndGlobal
